
Microsoft Visual Studio Solution File, Format Version 12.00
# Visual Studio 2017
Project("{FAE04EC0-301F-11D3-BF4B-00C04F79EFBC}") = "Procedural Cave Generation tutorial", "Procedural Cave Generation tutorial.csproj", "{3483481A-9AC6-E10B-0BD7-ED7F54207FBF}"
EndProject
Global
	GlobalSection(SolutionConfigurationPlatforms) = preSolution
		Debug|Any CPU = Debug|Any CPU
		Release|Any CPU = Release|Any CPU
	EndGlobalSection
	GlobalSection(ProjectConfigurationPlatforms) = postSolution
		{3483481A-9AC6-E10B-0BD7-ED7F54207FBF}.Debug|Any CPU.ActiveCfg = Debug|Any CPU
		{3483481A-9AC6-E10B-0BD7-ED7F54207FBF}.Debug|Any CPU.Build.0 = Debug|Any CPU
		{3483481A-9AC6-E10B-0BD7-ED7F54207FBF}.Release|Any CPU.ActiveCfg = Release|Any CPU
		{3483481A-9AC6-E10B-0BD7-ED7F54207FBF}.Release|Any CPU.Build.0 = Release|Any CPU
	EndGlobalSection
	GlobalSection(SolutionProperties) = preSolution
		HideSolutionNode = FALSE
	EndGlobalSection
EndGlobal
